
Microsoft Visual Studio Solution File, Format Version 12.00
# Visual Studio Version 17
VisualStudioVersion = 17.6.33801.468
MinimumVisualStudioVersion = 10.0.40219.1
Project("{9A19103F-16F7-4668-BE54-9A1E7A4F7556}") = "InfoTrack.WebRanking", "InfoTrack.WebRanking\InfoTrack.WebRanking\InfoTrack.WebRanking.csproj", "{CE85F5EA-CE93-4836-BAE5-C3E3821A66EE}"
EndProject
Global
	GlobalSection(SolutionConfigurationPlatforms) = preSolution
		Debug|Any CPU = Debug|Any CPU
		Release|Any CPU = Release|Any CPU
	EndGlobalSection
	GlobalSection(ProjectConfigurationPlatforms) = postSolution
		{CE85F5EA-CE93-4836-BAE5-C3E3821A66EE}.Debug|Any CPU.ActiveCfg = Debug|Any CPU
		{CE85F5EA-CE93-4836-BAE5-C3E3821A66EE}.Debug|Any CPU.Build.0 = Debug|Any CPU
		{CE85F5EA-CE93-4836-BAE5-C3E3821A66EE}.Release|Any CPU.ActiveCfg = Release|Any CPU
		{CE85F5EA-CE93-4836-BAE5-C3E3821A66EE}.Release|Any CPU.Build.0 = Release|Any CPU
	EndGlobalSection
	GlobalSection(SolutionProperties) = preSolution
		HideSolutionNode = FALSE
	EndGlobalSection
	GlobalSection(ExtensibilityGlobals) = postSolution
		SolutionGuid = {FB43F8D2-D722-487A-9C0E-CB5F3E8F037C}
	EndGlobalSection
EndGlobal
